// !$*UTF8*$!
{
	archiveVersion = 1;
	classes = {
	};
	objectVersion = 50;
	objects = {

/* Begin PBXBuildFile section */
		88154BFB228BD86B007074BA /* AppDelegate.swift in Sources */ = {isa = PBXBuildFile; fileRef = 88154BFA228BD86B007074BA /* AppDelegate.swift */; };
		88154BFD228BD86B007074BA /* GameScene.sks in Resources */ = {isa = PBXBuildFile; fileRef = 88154BFC228BD86B007074BA /* GameScene.sks */; };
		88154BFF228BD86B007074BA /* Actions.sks in Resources */ = {isa = PBXBuildFile; fileRef = 88154BFE228BD86B007074BA /* Actions.sks */; };
		88154C01228BD86B007074BA /* GameScene.swift in Sources */ = {isa = PBXBuildFile; fileRef = 88154C00228BD86B007074BA /* GameScene.swift */; };
		88154C03228BD86B007074BA /* GameViewController.swift in Sources */ = {isa = PBXBuildFile; fileRef = 88154C02228BD86B007074BA /* GameViewController.swift */; };
		88154C06228BD86B007074BA /* Main.storyboard in Resources */ = {isa = PBXBuildFile; fileRef = 88154C04228BD86B007074BA /* Main.storyboard */; };
		88154C08228BD86C007074BA /* Assets.xcassets in Resources */ = {isa = PBXBuildFile; fileRef = 88154C07228BD86C007074BA /* Assets.xcassets */; };
		88154C0B228BD86C007074BA /* LaunchScreen.storyboard in Resources */ = {isa = PBXBuildFile; fileRef = 88154C09228BD86C007074BA /* LaunchScreen.storyboard */; };
/* End PBXBuildFile section */

/* Begin PBXFileReference section */
		88154BF7228BD86B007074BA /* MyFirstVersionControl.app */ = {isa = PBXFileReference; explicitFileType = wrapper.application; includeInIndex = 0; path = MyFirstVersionControl.app; sourceTree = BUILT_PRODUCTS_DIR; };
		88154BFA228BD86B007074BA /* AppDelegate.swift */ = {isa = PBXFileReference; lastKnownFileType = sourcecode.swift; path = AppDelegate.swift; sourceTree = "<group>"; };
		88154BFC228BD86B007074BA /* GameScene.sks */ = {isa = PBXFileReference; lastKnownFileType = file.sks; path = GameScene.sks; sourceTree = "<group>"; };
		88154BFE228BD86B007074BA /* Actions.sks */ = {isa = PBXFileReference; lastKnownFileType = file.sks; path = Actions.sks; sourceTree = "<group>"; };
		88154C00228BD86B007074BA /* GameScene.swift */ = {isa = PBXFileReference; lastKnownFileType = sourcecode.swift; path = GameScene.swift; sourceTree = "<group>"; };
		88154C02228BD86B007074BA /* GameViewController.swift */ = {isa = PBXFileReference; lastKnownFileType = sourcecode.swift; path = GameViewController.swift; sourceTree = "<group>"; };
		88154C05228BD86B007074BA /* Base */ = {isa = PBXFileReference; lastKnownFileType = file.storyboard; name = Base; path = Base.lproj/Main.storyboard; sourceTree = "<group>"; };
		88154C07228BD86C007074BA /* Assets.xcassets */ = {isa = PBXFileReference; lastKnownFileType = folder.assetcatalog; path = Assets.xcassets; sourceTree = "<group>"; };
		88154C0A228BD86C007074BA /* Base */ = {isa = PBXFileReference; lastKnownFileType = file.storyboard; name = Base; path = Base.lproj/LaunchScreen.storyboard; sourceTree = "<group>"; };
		88154C0C228BD86C007074BA /* Info.plist */ = {isa = PBXFileReference; lastKnownFileType = text.plist.xml; path = Info.plist; sourceTree = "<group>"; };
/* End PBXFileReference section */

/* Begin PBXFrameworksBuildPhase section */
		88154BF4228BD86B007074BA /* Frameworks */ = {
			isa = PBXFrameworksBuildPhase;
			buildActionMask = 2147483647;
			files = (
			);
			runOnlyForDeploymentPostprocessing = 0;
		};
/* End PBXFrameworksBuildPhase section */

/* Begin PBXGroup section */
		88154BEE228BD86B007074BA = {
			isa = PBXGroup;
			children = (
				88154BF9228BD86B007074BA /* MyFirstVersionControl */,
				88154BF8228BD86B007074BA /* Products */,
			);
			sourceTree = "<group>";
		};
		88154BF8228BD86B007074BA /* Products */ = {
			isa = PBXGroup;
			children = (
				88154BF7228BD86B007074BA /* MyFirstVersionControl.app */,
			);
			name = Products;
			sourceTree = "<group>";
		};
		88154BF9228BD86B007074BA /* MyFirstVersionControl */ = {
			isa = PBXGroup;
			children = (
				88154BFA228BD86B007074BA /* AppDelegate.swift */,
				88154BFC228BD86B007074BA /* GameScene.sks */,
				88154BFE228BD86B007074BA /* Actions.sks */,
				88154C00228BD86B007074BA /* GameScene.swift */,
				88154C02228BD86B007074BA /* GameViewController.swift */,
				88154C04228BD86B007074BA /* Main.storyboard */,
				88154C07228BD86C007074BA /* Assets.xcassets */,
				88154C09228BD86C007074BA /* LaunchScreen.storyboard */,
				88154C0C228BD86C007074BA /* Info.plist */,
			);
			path = MyFirstVersionControl;
			sourceTree = "<group>";
		};
/* End PBXGroup section */

/* Begin PBXNativeTarget section */
		88154BF6228BD86B007074BA /* MyFirstVersionControl */ = {
			isa = PBXNativeTarget;
			buildConfigurationList = 88154C0F228BD86C007074BA /* Build configuration list for PBXNativeTarget "MyFirstVersionControl" */;
			buildPhases = (
				88154BF3228BD86B007074BA /* Sources */,
				88154BF4228BD86B007074BA /* Frameworks */,
				88154BF5228BD86B007074BA /* Resources */,
			);
			buildRules = (
			);
			dependencies = (
			);
			name = MyFirstVersionControl;
			productName = MyFirstVersionControl;
			productReference = 88154BF7228BD86B007074BA /* MyFirstVersionControl.app */;
			productType = "com.apple.product-type.application";
		};
/* End PBXNativeTarget section */

/* Begin PBXProject section */
		88154BEF228BD86B007074BA /* Project object */ = {
			isa = PBXProject;
			attributes = {
				LastSwiftUpdateCheck = 1020;
				LastUpgradeCheck = 1020;
				ORGANIZATIONNAME = "Slamet Riyadi";
				TargetAttributes = {
					88154BF6228BD86B007074BA = {
						CreatedOnToolsVersion = 10.2.1;
					};
				};
			};
			buildConfigurationList = 88154BF2228BD86B007074BA /* Build configuration list for PBXProject "MyFirstVersionControl" */;
			compatibilityVersion = "Xcode 9.3";
			developmentRegion = en;
			hasScannedForEncodings = 0;
			knownRegions = (
				en,
				Base,
			);
			mainGroup = 88154BEE228BD86B007074BA;
			productRefGroup = 88154BF8228BD86B007074BA /* Products */;
			projectDirPath = "";
			projectRoot = "";
			targets = (
				88154BF6228BD86B007074BA /* MyFirstVersionControl */,
			);
		};
/* End PBXProject section */

/* Begin PBXResourcesBuildPhase section */
		88154BF5228BD86B007074BA /* Resources */ = {
			isa = PBXResourcesBuildPhase;
			buildActionMask = 2147483647;
			files = (
				88154C06228BD86B007074BA /* Main.storyboard in Resources */,
				88154BFD228BD86B007074BA /* GameScene.sks in Resources */,
				88154C08228BD86C007074BA /* Assets.xcassets in Resources */,
				88154C0B228BD86C007074BA /* LaunchScreen.storyboard in Resources */,
				88154BFF228BD86B007074BA /* Actions.sks in Resources */,
			);
			runOnlyForDeploymentPostprocessing = 0;
		};
/* End PBXResourcesBuildPhase section */

/* Begin PBXSourcesBuildPhase section */
		88154BF3228BD86B007074BA /* Sources */ = {
			isa = PBXSourcesBuildPhase;
			buildActionMask = 2147483647;
			files = (
				88154C01228BD86B007074BA /* GameScene.swift in Sources */,
				88154C03228BD86B007074BA /* GameViewController.swift in Sources */,
				88154BFB228BD86B007074BA /* AppDelegate.swift in Sources */,
			);
			runOnlyForDeploymentPostprocessing = 0;
		};
/* End PBXSourcesBuildPhase section */

/* Begin PBXVariantGroup section */
		88154C04228BD86B007074BA /* Main.storyboard */ = {
			isa = PBXVariantGroup;
			children = (
				88154C05228BD86B007074BA /* Base */,
			);
			name = Main.storyboard;
			sourceTree = "<group>";
		};
		88154C09228BD86C007074BA /* LaunchScreen.storyboard */ = {
			isa = PBXVariantGroup;
			children = (
				88154C0A228BD86C007074BA /* Base */,
			);
			name = LaunchScreen.storyboard;
			sourceTree = "<group>";
		};
/* End PBXVariantGroup section */

/* Begin XCBuildConfiguration section */
		88154C0D228BD86C007074BA /* Debug */ = {
			isa = XCBuildConfiguration;
			buildSettings = {
				ALWAYS_SEARCH_USER_PATHS = NO;
				CLANG_ANALYZER_NONNULL = YES;
				CLANG_ANALYZER_NUMBER_OBJECT_CONVERSION = YES_AGGRESSIVE;
				CLANG_CXX_LANGUAGE_STANDARD = "gnu++14";
				CLANG_CXX_LIBRARY = "libc++";
				CLANG_ENABLE_MODULES = YES;
				CLANG_ENABLE_OBJC_ARC = YES;
				CLANG_ENABLE_OBJC_WEAK = YES;
				CLANG_WARN_BLOCK_CAPTURE_AUTORELEASING = YES;
				CLANG_WARN_BOOL_CONVERSION = YES;
				CLANG_WARN_COMMA = YES;
				CLANG_WARN_CONSTANT_CONVERSION = YES;
				CLANG_WARN_DEPRECATED_OBJC_IMPLEMENTATIONS = YES;
				CLANG_WARN_DIRECT_OBJC_ISA_USAGE = YES_ERROR;
				CLANG_WARN_DOCUMENTATION_COMMENTS = YES;
				CLANG_WARN_EMPTY_BODY = YES;
				CLANG_WARN_ENUM_CONVERSION = YES;
				CLANG_WARN_INFINITE_RECURSION = YES;
				CLANG_WARN_INT_CONVERSION = YES;
				CLANG_WARN_NON_LITERAL_NULL_CONVERSION = YES;
				CLANG_WARN_OBJC_IMPLICIT_RETAIN_SELF = YES;
				CLANG_WARN_OBJC_LITERAL_CONVERSION = YES;
				CLANG_WARN_OBJC_ROOT_CLASS = YES_ERROR;
				CLANG_WARN_RANGE_LOOP_ANALYSIS = YES;
				CLANG_WARN_STRICT_PROTOTYPES = YES;
				CLANG_WARN_SUSPICIOUS_MOVE = YES;
				CLANG_WARN_UNGUARDED_AVAILABILITY = YES_AGGRESSIVE;
				CLANG_WARN_UNREACHABLE_CODE = YES;
				CLANG_WARN__DUPLICATE_METHOD_MATCH = YES;
				CODE_SIGN_IDENTITY = "iPhone Developer";
				COPY_PHASE_STRIP = NO;
				DEBUG_INFORMATION_FORMAT = dwarf;
				ENABLE_STRICT_OBJC_MSGSEND = YES;
				ENABLE_TESTABILITY = YES;
				GCC_C_LANGUAGE_STANDARD = gnu11;
				GCC_DYNAMIC_NO_PIC = NO;
				GCC_NO_COMMON_BLOCKS = YES;
				GCC_OPTIMIZATION_LEVEL = 0;
				GCC_PREPROCESSOR_DEFINITIONS = (
					"DEBUG=1",
					"$(inherited)",
				);
				GCC_WARN_64_TO_32_BIT_CONVERSION = YES;
				GCC_WARN_ABOUT_RETURN_TYPE = YES_ERROR;
				GCC_WARN_UNDECLARED_SELECTOR = YES;
				GCC_WARN_UNINITIALIZED_AUTOS = YES_AGGRESSIVE;
				GCC_WARN_UNUSED_FUNCTION = YES;
				GCC_WARN_UNUSED_VARIABLE = YES;
				IPHONEOS_DEPLOYMENT_TARGET = 12.2;
				MTL_ENABLE_DEBUG_INFO = INCLUDE_SOURCE;
				MTL_FAST_MATH = YES;
				ONLY_ACTIVE_ARCH = YES;
				SDKROOT = iphoneos;
				SWIFT_ACTIVE_COMPILATION_CONDITIONS = DEBUG;
				SWIFT_OPTIMIZATION_LEVEL = "-Onone";
			};
			name = Debug;
		};
		88154C0E228BD86C007074BA /* Release */ = {
			isa = XCBuildConfiguration;
			buildSettings = {
				ALWAYS_SEARCH_USER_PATHS = NO;
				CLANG_ANALYZER_NONNULL = YES;
				CLANG_ANALYZER_NUMBER_OBJECT_CONVERSION = YES_AGGRESSIVE;
				CLANG_CXX_LANGUAGE_STANDARD = "gnu++14";
				CLANG_CXX_LIBRARY = "libc++";
				CLANG_ENABLE_MODULES = YES;
				CLANG_ENABLE_OBJC_ARC = YES;
				CLANG_ENABLE_OBJC_WEAK = YES;
				CLANG_WARN_BLOCK_CAPTURE_AUTORELEASING = YES;
				CLANG_WARN_BOOL_CONVERSION = YES;
				CLANG_WARN_COMMA = YES;
				CLANG_WARN_CONSTANT_CONVERSION = YES;
				CLANG_WARN_DEPRECATED_OBJC_IMPLEMENTATIONS = YES;
				CLANG_WARN_DIRECT_OBJC_ISA_USAGE = YES_ERROR;
				CLANG_WARN_DOCUMENTATION_COMMENTS = YES;
				CLANG_WARN_EMPTY_BODY = YES;
				CLANG_WARN_ENUM_CONVERSION = YES;
				CLANG_WARN_INFINITE_RECURSION = YES;
				CLANG_WARN_INT_CONVERSION = YES;
				CLANG_WARN_NON_LITERAL_NULL_CONVERSION = YES;
				CLANG_WARN_OBJC_IMPLICIT_RETAIN_SELF = YES;
				CLANG_WARN_OBJC_LITERAL_CONVERSION = YES;
				CLANG_WARN_OBJC_ROOT_CLASS = YES_ERROR;
				CLANG_WARN_RANGE_LOOP_ANALYSIS = YES;
				CLANG_WARN_STRICT_PROTOTYPES = YES;
				CLANG_WARN_SUSPICIOUS_MOVE = YES;
				CLANG_WARN_UNGUARDED_AVAILABILITY = YES_AGGRESSIVE;
				CLANG_WARN_UNREACHABLE_CODE = YES;
				CLANG_WARN__DUPLICATE_METHOD_MATCH = YES;
				CODE_SIGN_IDENTITY = "iPhone Developer";
				COPY_PHASE_STRIP = NO;
				DEBUG_INFORMATION_FORMAT = "dwarf-with-dsym";
				ENABLE_NS_ASSERTIONS = NO;
				ENABLE_STRICT_OBJC_MSGSEND = YES;
				GCC_C_LANGUAGE_STANDARD = gnu11;
				GCC_NO_COMMON_BLOCKS = YES;
				GCC_WARN_64_TO_32_BIT_CONVERSION = YES;
				GCC_WARN_ABOUT_RETURN_TYPE = YES_ERROR;
				GCC_WARN_UNDECLARED_SELECTOR = YES;
				GCC_WARN_UNINITIALIZED_AUTOS = YES_AGGRESSIVE;
				GCC_WARN_UNUSED_FUNCTION = YES;
				GCC_WARN_UNUSED_VARIABLE = YES;
				IPHONEOS_DEPLOYMENT_TARGET = 12.2;
				MTL_ENABLE_DEBUG_INFO = NO;
				MTL_FAST_MATH = YES;
				SDKROOT = iphoneos;
				SWIFT_COMPILATION_MODE = wholemodule;
				SWIFT_OPTIMIZATION_LEVEL = "-O";
				VALIDATE_PRODUCT = YES;
			};
			name = Release;
		};
		88154C10228BD86C007074BA /* Debug */ = {
			isa = XCBuildConfiguration;
			buildSettings = {
				ASSETCATALOG_COMPILER_APPICON_NAME = AppIcon;
				CODE_SIGN_STYLE = Automatic;
				INFOPLIST_FILE = MyFirstVersionControl/Info.plist;
				LD_RUNPATH_SEARCH_PATHS = (
					"$(inherited)",
					"@executable_path/Frameworks",
				);
				PRODUCT_BUNDLE_IDENTIFIER = slametriyadi.id.MyFirstVersionControl;
				PRODUCT_NAME = "$(TARGET_NAME)";
				SWIFT_VERSION = 5.0;
				TARGETED_DEVICE_FAMILY = "1,2";
			};
			name = Debug;
		};
		88154C11228BD86C007074BA /* Release */ = {
			isa = XCBuildConfiguration;
			buildSettings = {
				ASSETCATALOG_COMPILER_APPICON_NAME = AppIcon;
				CODE_SIGN_STYLE = Automatic;
				INFOPLIST_FILE = MyFirstVersionControl/Info.plist;
				LD_RUNPATH_SEARCH_PATHS = (
					"$(inherited)",
					"@executable_path/Frameworks",
				);
				PRODUCT_BUNDLE_IDENTIFIER = slametriyadi.id.MyFirstVersionControl;
				PRODUCT_NAME = "$(TARGET_NAME)";
				SWIFT_VERSION = 5.0;
				TARGETED_DEVICE_FAMILY = "1,2";
			};
			name = Release;
		};
/* End XCBuildConfiguration section */

/* Begin XCConfigurationList section */
		88154BF2228BD86B007074BA /* Build configuration list for PBXProject "MyFirstVersionControl" */ = {
			isa = XCConfigurationList;
			buildConfigurations = (
				88154C0D228BD86C007074BA /* Debug */,
				88154C0E228BD86C007074BA /* Release */,
			);
			defaultConfigurationIsVisible = 0;
			defaultConfigurationName = Release;
		};
		88154C0F228BD86C007074BA /* Build configuration list for PBXNativeTarget "MyFirstVersionControl" */ = {
			isa = XCConfigurationList;
			buildConfigurations = (
				88154C10228BD86C007074BA /* Debug */,
				88154C11228BD86C007074BA /* Release */,
			);
			defaultConfigurationIsVisible = 0;
			defaultConfigurationName = Release;
		};
/* End XCConfigurationList section */
	};
	rootObject = 88154BEF228BD86B007074BA /* Project object */;
}
